9fans.net/go v0.0.0-20181112161441-237454027057 h1:OcHlKWkAMJEF1ndWLGxp5dnJQkYM/YImUOvsBoz6h5E=
9fans.net/go v0.0.0-20181112161441-237454027057/go.mod h1:diCsxrliIURU9xsYtjCp5AbpQKqdhKmf0ujWDUSkfoY=
bitbucket.org/avd/go-ipc v0.6.1/go.mod h1:nNPuCfq93XBkz/oMD8uttbB+s7HkN+V2s9uOJzPTz1c=
github.com/amitbet/tomcierge v0.0.0-20190907070916-3488b5eb3143 h1:De7eeFaAbiDu7U8HQzpjkkspPqde+769fQ5pgf4Eu68=
github.com/amitbet/tomcierge v0.0.0-20190907070916-3488b5eb3143/go.mod h1:vydOlIpAeXKX3rusVtRH2wZWbH+zhlnErhzQ6e5zSZU=
github.com/amitbet/volume-go v0.0.2 h1:iSKn+K1o6vvpNehVoiz0NcgGJGCvg6JikzVWTJ95E9A=
github.com/amitbet/volume-go v0.0.2/go.mod h1:1ixF2NBjzerIURjV2+hI+F33i4tITFiWOk2duUBhYaM=
github.com/cenkalti/backoff v2.1.1+incompatible h1:tKJnvO2kl0zmb/jA5UKAt4VoEVw1qxKWjE/Bpp46npY=
github.com/cenkalti/backoff v2.1.1+incompatible/go.mod h1:90ReRw6GdpyfrHakVjL/QHaoyV4aDUVVkXQJJJ3NXXM=
github.com/cenkalti/backoff v2.2.1+incompatible h1:tNowT99t7UNflLxfYYSlKYsBpXdEet03Pg2g16Swow4=
github.com/cenkalti/backoff v2.2.1+incompatible/go.mod h1:90ReRw6GdpyfrHakVjL/QHaoyV4aDUVVkXQJJJ3NXXM=
github.com/cosiner/argv v0.0.0-20170225145430-13bacc38a0a5 h1:rIXlvz2IWiupMFlC45cZCXZFvKX/ExBcSLrDy2G0Lp8=
github.com/cosiner/argv v0.0.0-20170225145430-13bacc38a0a5/go.mod h1:p/NrK5tF6ICIly4qwEDsf6VDirFiWWz0FenfYBwJaKQ=
github.com/cpuguy83/go-md2man v1.0.8/go.mod h1:N6JayAiVKtlHSnuTCeuLSQVs75hb8q+dYQLjr7cDsKY=
github.com/davecgh/go-spew v1.1.0/go.mod h1:J7Y8YcW2NihsgmVo/mv3lAwl/skON4iLHjSsI+c5H38=
github.com/davecgh/go-spew v1.1.1/go.mod h1:J7Y8YcW2NihsgmVo/mv3lAwl/skON4iLHjSsI+c5H38=
github.com/davidrjenni/reftools v0.0.0-20190827201643-0605d60846fb h1:DSSCTehMqsKHaokaWCcHEIJCqCWIrKzJaYUT/86QqSk=
github.com/davidrjenni/reftools v0.0.0-20190827201643-0605d60846fb/go.mod h1:0qWLWApvobxwtd9/A8fS62VkRImuquIgtCv/ye+KnxA=
github.com/fsnotify/fsnotify v1.4.7/go.mod h1:jwhsz4b93w/PPRr/qN1Yymfu8t87LnFCMoQvtojpjFo=
github.com/go-delve/delve v1.3.1 h1:LI0X4aAE0N7ay8uR48aMJ6GNTxamIpcxi1THjwJjenI=
github.com/go-delve/delve v1.3.1/go.mod h1:LLw6qJfIsRK9WcwV2IRRqsdlgrqzOeuGrQOCOIhDpt8=
github.com/go-ole/go-ole v1.2.4 h1:nNBDSCOigTSiarFpYE9J/KtEA1IOW4CNeqT9TQDqCxI=
github.com/go-ole/go-ole v1.2.4/go.mod h1:XCwSNxSkXRo4vlyPy93sltvi/qJq0jqQhjqQNIwKuxM=
github.com/golang/protobuf v1.2.0/go.mod h1:6lQm79b+lXiMfvg/cZm0SGofjICqVBUtrP5yJMmIC1U=
github.com/gorilla/mux v1.7.3 h1:gnP5JzjVOuiZD07fKKToCAOjS0yOpj/qPETTXCCS6hw=
github.com/gorilla/mux v1.7.3/go.mod h1:1lud6UwP+6orDFRuTfBEV8e9/aOM/c4fVVCaMa2zaAs=
github.com/grandcat/zeroconf v0.0.0-20190424104450-85eadb44205c h1:svzQzfVE9t7Y1CGULS5PsMWs4/H4Au/ZTJzU/0CKgqc=
github.com/grandcat/zeroconf v0.0.0-20190424104450-85eadb44205c/go.mod h1:YjKB0WsLXlMkO9p+wGTCoPIDGRJH0mz7E526PxkQVxI=
github.com/hpcloud/tail v1.0.0/go.mod h1:ab1qPbhIpdTxEkNHXyeSf5vhxWSCs/tWer42PpOxQnU=
github.com/inconshreveable/mousetrap v1.0.0 h1:Z8tu5sraLXCXIcARxBp/8cbvlwVa7Z1NHg9XEKhtSvM=
github.com/inconshreveable/mousetrap v1.0.0/go.mod h1:PxqpIevigyE2G7u3NXJIT2ANytuPF1OarO4DADm73n8=
github.com/itchyny/volume-go v0.0.0/go.mod h1:xkUTLgHTs4ZDlXPfh1rGHFQr3LQUfaGe2yQ070CFPlo=
github.com/kardianos/service v1.0.0 h1:HgQS3mFfOlyntWX8Oke98JcJLqt1DBcHR4kxShpYef0=
github.com/kardianos/service v1.0.0/go.mod h1:8CzDhVuCuugtsHyZoTvsOBuvonN/UDBvl0kH+BUxvbo=
github.com/kisielk/gotool v1.0.0/go.mod h1:XhKaO+MFFWcvkIS/tQcRk01m1F5IRFswLeQ+oQHNcck=
github.com/koron/go-ssdp v0.0.0-20180514024734-4a0ed625a78b h1:wxtKgYHEncAU00muMD06dzLiahtGM1eouRNOzVV7tdQ=
github.com/koron/go-ssdp v0.0.0-20180514024734-4a0ed625a78b/go.mod h1:5Ky9EC2xfoUKUor0Hjgi2BJhCSXJfMOFlmyYrVKGQMk=
github.com/kr/pretty v0.1.0/go.mod h1:dAy3ld7l9f0ibDNOQOHHMYYIIbhfbHSm3C4ZsoJORNo=
github.com/kr/pty v1.1.1/go.mod h1:pFQYn66WHrOpPYNljwOMqo10TkYh1fy3cYio2l3bCsQ=
github.com/kr/text v0.1.0/go.mod h1:4Jbv+DJW3UT/LiOwJeYQe1efqtUx/iVham/4vfdArNI=
github.com/mattn/go-colorable v0.0.0-20170327083344-ded68f7a9561 h1:isR/L+BIZ+rqODWYR/f526ygrBMGKZYFhaaFRDGvuZ8=
github.com/mattn/go-colorable v0.0.0-20170327083344-ded68f7a9561/go.mod h1:9vuHe8Xs5qXnSaW/c/ABM9alt+Vo+STaOChaDxuIBZU=
github.com/mattn/go-isatty v0.0.3 h1:ns/ykhmWi7G9O+8a448SecJU3nSMBXJfqQkl0upE1jI=
github.com/mattn/go-isatty v0.0.3/go.mod h1:M+lRXTBqGeGNdLjl/ufCoiOlB5xdOkqRJdNxMWT7Zi4=
github.com/mdempsky/gocode v0.0.0-20190203001940-7fb65232883f h1:ee+twVCignaZjt7jpbMSLxAeTN/Nfq9W/nm91E7QO1A=
github.com/mdempsky/gocode v0.0.0-20190203001940-7fb65232883f/go.mod h1:hltEC42XzfMNgg0S1v6JTywwra2Mu6F6cLR03debVQ8=
github.com/miekg/dns v1.1.15 h1:CSSIDtllwGLMoA6zjdKnaE6Tx6eVUxQ29LUgGetiDCI=
github.com/miekg/dns v1.1.15/go.mod h1:W1PPwlIAgtquWBMBEV9nkV9Cazfe8ScdGz/Lj7v3Nrg=
github.com/miekg/dns v1.1.18 h1:S82KA03bsvMvziY41d0WitiplMCt8QhawbSQLtoqsdI=
github.com/miekg/dns v1.1.18/go.mod h1:WgzbA6oji13JREwiNsRDNfl7jYdPnmz+VEuLrA+/48M=
github.com/mixcode/broadlink v0.0.0-20181109083349-59c23b4e7b1a h1:gHzDy9sj6Lqo+64FVq2pmIpKZJywhCKfjbKLnbMvtZY=
github.com/mixcode/broadlink v0.0.0-20181109083349-59c23b4e7b1a/go.mod h1:ujzq+0zaJJpIZaOhk5AiwSKB5YtIcVBv+/h0FlowQcs=
github.com/moutend/go-wca v0.1.1 h1:XTuNIhTOxRrdOQnCufXdTAp2+Nh3vtE7upKksC31sS4=
github.com/moutend/go-wca v0.1.1/go.mod h1:tOejf27SfSMa+8LuMhPE0bdaFNnoxlmMGvo/VwAWi7Q=
github.com/natefinch/npipe v0.0.0-20160621034901-c1b8fa8bdcce/go.mod h1:ifHPsLndGGzvgzcaXUvzmt6LxKT4pJ+uzEhtnMt+f7A=
github.com/onsi/ginkgo v1.6.0/go.mod h1:lLunBs/Ym6LB5Z9jYTR76FiuTmxDTDusOGeTQH+WWjE=
github.com/onsi/ginkgo v1.8.0/go.mod h1:lLunBs/Ym6LB5Z9jYTR76FiuTmxDTDusOGeTQH+WWjE=
github.com/onsi/gomega v1.5.0/go.mod h1:ex+gbHU/CVuBBDIJjb2X0qEXbFg53c61hWP/1CpauHY=
github.com/peterh/liner v0.0.0-20170317030525-88609521dc4b h1:8uaXtUkxiy+T/zdLWuxa/PG4so0TPZDZfafFNNSaptE=
github.com/peterh/liner v0.0.0-20170317030525-88609521dc4b/go.mod h1:xIteQHvHuaLYG9IFj6mSxM0fCKrs34IrEQUhOYuGPHc=
github.com/pkg/errors v0.8.1/go.mod h1:bwawxfHBFNV+L2hUp1rHADufV3IMtnDRdf1r5NINEl0=
github.com/pkg/profile v0.0.0-20170413231811-06b906832ed0/go.mod h1:hJw3o1OdXxsrSjjVksARp5W95eeEaEfptyVZyv6JUPA=
github.com/pmezard/go-difflib v1.0.0/go.mod h1:iKH77koFhYxTK1pcRnkKkqfTogsbg7gZNVY4sRDYZ/4=
github.com/ramya-rao-a/go-outline v0.0.0-20181122025142-7182a932836a h1:rJS9v8WlLfIQ/22PlTXc47p5jB8RaY9XnTkX8Uols7w=
github.com/ramya-rao-a/go-outline v0.0.0-20181122025142-7182a932836a/go.mod h1:1WL5IqM+CnRCAbXetRnL1YVoS9KtU2zMhOi/5oAVPo4=
github.com/rogpeppe/godef v1.1.1 h1:NujOtt9q9vIClRTB3sCZpavac+NMRaIayzrcz1h4fSE=
github.com/rogpeppe/godef v1.1.1/go.mod h1:oEo1eMy1VUEHUzUIX4F7IqvMJRiz9UId44mvnR8oPlQ=
github.com/russross/blackfriday v0.0.0-20180428102519-11635eb403ff/go.mod h1:JO/DiYxRf+HjHt06OyowR9PTA263kcR/rfWxYHBV53g=
github.com/sirupsen/logrus v0.0.0-20180523074243-ea8897e79973 h1:3AJZYTzw3gm3TNTt30x0CCKD7GOn2sdd50Hn35fQkGY=
github.com/sirupsen/logrus v0.0.0-20180523074243-ea8897e79973/go.mod h1:pMByvHTf9Beacp5x1UXfOR9xyW/9antXMhjMPG0dEzc=
github.com/spf13/cobra v0.0.0-20170417170307-b6cb39589372 h1:eRfW1vRS4th8IX2iQeyqQ8cOUNOySvAYJ0IUvTXGoYA=
github.com/spf13/cobra v0.0.0-20170417170307-b6cb39589372/go.mod h1:1l0Ry5zgKvJasoi3XT1TypsSe7PqH0Sj9dhYf7v3XqQ=
github.com/spf13/pflag v0.0.0-20170417173400-9e4c21054fa1 h1:7bozMfSdo41n2NOc0GsVTTVUiA+Ncaj6pXNpm4UHKys=
github.com/spf13/pflag v0.0.0-20170417173400-9e4c21054fa1/go.mod h1:DYY7MBk1bdzusC3SYhjObp+wFpr4gzcvqqNjLnInEg4=
github.com/stretchr/objx v0.1.0/go.mod h1:HFkY916IF+rwdDfMAkV7OtwuqBVzrE8GR6GFx+wExME=
github.com/stretchr/objx v0.2.0/go.mod h1:qt09Ya8vawLte6SNmTgCsAVtYtaKzEcn8ATUoHMkEqE=
github.com/stretchr/testify v1.3.0/go.mod h1:M5WIy9Dh21IEIfnGCwXGc5bZfKNJtfHm1UVUgZn+9EI=
github.com/stretchr/testify v1.4.0/go.mod h1:j7eGeouHqKxXV5pUuKE4zz7dFj8WfuZ+81PSLYec5m4=
go.starlark.net v0.0.0-20190702223751-32f345186213 h1:lkYv5AKwvvduv5XWP6szk/bvvgO6aDeUujhZQXIFTes=
go.starlark.net v0.0.0-20190702223751-32f345186213/go.mod h1:c1/X6cHgvdXj6pUlmWKMkuqRnW4K8x2vwt6JAaaircg=
golang.org/x/arch v0.0.0-20171004143515-077ac972c2e4 h1:TP7YcWHbnFq4v8/3wM2JwgM0SRRtsYJ7Z6Oj0arz2bs=
golang.org/x/arch v0.0.0-20171004143515-077ac972c2e4/go.mod h1:cYlCBUl1MsqxdiKgmc4uh7TxZfWSFLOGSRR090WDxt8=
golang.org/x/crypto v0.0.0-20180614174826-fd5f17ee7299/go.mod h1:6SG95UA2DQfeDnfUPMdvaQW0Q7yPrPDi9nlGo2tz2b4=
golang.org/x/crypto v0.0.0-20190308221718-c2843e01d9a2 h1:VklqNMn3ovrHsnt90PveolxSbWFaJdECFbxSq0Mqo2M=
golang.org/x/crypto v0.0.0-20190308221718-c2843e01d9a2/go.mod h1:djNgcEr1/C05ACkg1iLfiJU5Ep61QUkGW8qpdssI0+w=
golang.org/x/crypto v0.0.0-20190829043050-9756ffdc2472 h1:Gv7RPwsi3eZ2Fgewe3CBsuOebPwO27PoXzRpJPsvSSM=
golang.org/x/crypto v0.0.0-20190829043050-9756ffdc2472/go.mod h1:yigFU9vqHzYiE8UmvKecakEJjdnWj3jj499lnFckfCI=
golang.org/x/crypto v0.0.0-20190923035154-9ee001bba392 h1:ACG4HJsFiNMf47Y4PeRoebLNy/2lXT9EtprMuTFWt1M=
golang.org/x/crypto v0.0.0-20190923035154-9ee001bba392/go.mod h1:/lpIB1dKB+9EgE3H3cr1v9wB50oz8l4C4h62xy7jSTY=
golang.org/x/lint v0.0.0-20190909230951-414d861bb4ac h1:8R1esu+8QioDxo4E4mX6bFztO+dMTM49DNAaWfO5OeY=
golang.org/x/lint v0.0.0-20190909230951-414d861bb4ac/go.mod h1:6SW0HCj/g11FgYtHlgUYUwCkIfeOF89ocIRzGO/8vkc=
golang.org/x/net v0.0.0-20180906233101-161cd47e91fd/go.mod h1:mL1N/T3taQHkDXs73rZJwtUhF3w3ftmwwsq0BUmARs4=
golang.org/x/net v0.0.0-20190311183353-d8887717615a/go.mod h1:t9HGtf8HONx5eT2rtn7q6eTqICYqUVnKs3thJo3Qplg=
golang.org/x/net v0.0.0-20190404232315-eb5bcb51f2a3/go.mod h1:t9HGtf8HONx5eT2rtn7q6eTqICYqUVnKs3thJo3Qplg=
golang.org/x/net v0.0.0-20190620200207-3b0461eec859/go.mod h1:z5CRVTTTmAJ677TzLLGU+0bjPO0LkuOLi4/5GtJWs/s=
golang.org/x/net v0.0.0-20190628185345-da137c7871d7 h1:rTIdg5QFRR7XCaK4LCjBiPbx8j4DQRpdYMnGn/bJUEU=
golang.org/x/net v0.0.0-20190628185345-da137c7871d7/go.mod h1:z5CRVTTTmAJ677TzLLGU+0bjPO0LkuOLi4/5GtJWs/s=
golang.org/x/net v0.0.0-20190827160401-ba9fcec4b297 h1:k7pJ2yAPLPgbskkFdhRCsA77k2fySZ1zf2zCjvQCiIM=
golang.org/x/net v0.0.0-20190827160401-ba9fcec4b297/go.mod h1:z5CRVTTTmAJ677TzLLGU+0bjPO0LkuOLi4/5GtJWs/s=
golang.org/x/net v0.0.0-20190923162816-aa69164e4478 h1:l5EDrHhldLYb3ZRHDUhXF7Om7MvYXnkV9/iQNo1lX6g=
golang.org/x/net v0.0.0-20190923162816-aa69164e4478/go.mod h1:z5CRVTTTmAJ677TzLLGU+0bjPO0LkuOLi4/5GtJWs/s=
golang.org/x/net v0.0.0-20190926025831-c00fd9afed17 h1:qPnAdmjNA41t3QBTx2mFGf/SD1IoslhYu7AmdsVzCcs=
golang.org/x/net v0.0.0-20190926025831-c00fd9afed17/go.mod h1:z5CRVTTTmAJ677TzLLGU+0bjPO0LkuOLi4/5GtJWs/s=
golang.org/x/sync v0.0.0-20180314180146-1d60e4601c6f/go.mod h1:RxMgew5VJxzue5/jJTE5uejpjVlOe/izrB70Jof72aM=
golang.org/x/sync v0.0.0-20190423024810-112230192c58/go.mod h1:RxMgew5VJxzue5/jJTE5uejpjVlOe/izrB70Jof72aM=
golang.org/x/sys v0.0.0-20180909124046-d0be0721c37e/go.mod h1:STP8DvDyc/dI5b8T5hshtkjS+E42TnysNCUPdjciGhY=
golang.org/x/sys v0.0.0-20190204203706-41f3e6584952/go.mod h1:STP8DvDyc/dI5b8T5hshtkjS+E42TnysNCUPdjciGhY=
golang.org/x/sys v0.0.0-20190215142949-d0b11bdaac8a/go.mod h1:STP8DvDyc/dI5b8T5hshtkjS+E42TnysNCUPdjciGhY=
golang.org/x/sys v0.0.0-20190412213103-97732733099d/go.mod h1:h1NjWce9XRLGQEsW7wpKNCjG9DtNlClVuFLEZdDNbEs=
golang.org/x/sys v0.0.0-20190507053917-2953c62de483/go.mod h1:h1NjWce9XRLGQEsW7wpKNCjG9DtNlClVuFLEZdDNbEs=
golang.org/x/sys v0.0.0-20190626221950-04f50cda93cb/go.mod h1:h1NjWce9XRLGQEsW7wpKNCjG9DtNlClVuFLEZdDNbEs=
golang.org/x/sys v0.0.0-20190830023255-19e00faab6ad h1:cCejgArrk10gX6kFqjWeLwXD7aVMqWoRpyUCaaJSggc=
golang.org/x/sys v0.0.0-20190830023255-19e00faab6ad/go.mod h1:h1NjWce9XRLGQEsW7wpKNCjG9DtNlClVuFLEZdDNbEs=
golang.org/x/sys v0.0.0-20190904154756-749cb33beabd/go.mod h1:h1NjWce9XRLGQEsW7wpKNCjG9DtNlClVuFLEZdDNbEs=
golang.org/x/sys v0.0.0-20190922100055-0a153f010e69/go.mod h1:h1NjWce9XRLGQEsW7wpKNCjG9DtNlClVuFLEZdDNbEs=
golang.org/x/sys v0.0.0-20190924154521-2837fb4f24fe h1:6fAMxZRR6sl1Uq8U61gxU+kPTs2tR8uOySCbBP7BN/M=
golang.org/x/sys v0.0.0-20190924154521-2837fb4f24fe/go.mod h1:h1NjWce9XRLGQEsW7wpKNCjG9DtNlClVuFLEZdDNbEs=
golang.org/x/text v0.3.0/go.mod h1:NqM8EUOU14njkJ3fqMW+pc6Ldnwhi/IjpwHt7yyuwOQ=
golang.org/x/text v0.3.2/go.mod h1:bEr9sfX3Q8Zfm5fL9x+3itogRgK3+ptLWKqgva+5dAk=
golang.org/x/tools v0.0.0-20180917221912-90fa682c2a6e/go.mod h1:n7NCudcB/nEzxVGmLbDWY5pfWTLqBcC2KZ6jyYvM4mQ=
golang.org/x/tools v0.0.0-20181120060634-fc4f04983f62/go.mod h1:n7NCudcB/nEzxVGmLbDWY5pfWTLqBcC2KZ6jyYvM4mQ=
golang.org/x/tools v0.0.0-20181130195746-895048a75ecf/go.mod h1:n7NCudcB/nEzxVGmLbDWY5pfWTLqBcC2KZ6jyYvM4mQ=
golang.org/x/tools v0.0.0-20190311212946-11955173bddd/go.mod h1:LCzVGOaR6xXOjkQ3onu1FJEFr0SW1gC7cKk1uF8kGRs=
golang.org/x/tools v0.0.0-20190408220357-e5b8258f4918/go.mod h1:LCzVGOaR6xXOjkQ3onu1FJEFr0SW1gC7cKk1uF8kGRs=
golang.org/x/tools v0.0.0-20190907020128-2ca718005c18 h1:xFbv3LvlvQAmbNJFCBKRv1Ccvnh9FVsW0FX2kTWWowE=
golang.org/x/tools v0.0.0-20190907020128-2ca718005c18/go.mod h1:b+2E5dAYhXwXZwtnZ6UAqBI28+e2cm9otk0dWdXHAEo=
golang.org/x/xerrors v0.0.0-20190717185122-a985d3407aa7/go.mod h1:I/5z698sn9Ka8TeJc9MKroUUfqBBauWjQqLJ2OPfmY0=
gopkg.in/airbrake/gobrake.v2 v2.0.9/go.mod h1:/h5ZAUhDkGaJfjzjKLSjv6zCL6O0LLBxU4K+aSYdM/U=
gopkg.in/check.v1 v0.0.0-20161208181325-20d25e280405/go.mod h1:Co6ibVJAznAaIkqp8huTwlJQCZ016jof/cbN4VW5Yz0=
gopkg.in/check.v1 v1.0.0-20180628173108-788fd7840127/go.mod h1:Co6ibVJAznAaIkqp8huTwlJQCZ016jof/cbN4VW5Yz0=
gopkg.in/fsnotify.v1 v1.4.7/go.mod h1:Tz8NjZHkW78fSQdbUxIjBTcgA1z1m8ZHf0WmKUhAMys=
gopkg.in/gemnasium/logrus-airbrake-hook.v2 v2.1.2/go.mod h1:Xk6kEKp8OKb+X14hQBKWaSkCsqBpgog8nAV2xsGOxlo=
gopkg.in/tomb.v1 v1.0.0-20141024135613-dd632973f1e7/go.mod h1:dt/ZhP58zS4L8KSrWDmTeBkI65Dw0HsyUHuEVlX15mw=
gopkg.in/yaml.v2 v2.2.1/go.mod h1:hI93XBmqTisBFMUTm0b8Fm+jr3Dg1NNxqwp+5A1VGuI=
gopkg.in/yaml.v2 v2.2.2 h1:ZCJp+EgiOT7lHqUV2J862kp8Qj64Jo6az82+3Td9dZw=
gopkg.in/yaml.v2 v2.2.2/go.mod h1:hI93XBmqTisBFMUTm0b8Fm+jr3Dg1NNxqwp+5A1VGuI=
